// !$*UTF8*$!
{
	archiveVersion = 1;
	classes = {
	};
	objectVersion = 56;
	objects = {

/* Begin PBXBuildFile section */
		D3172E842BC0C0860006B9C2 /* WatchUIApp.swift in Sources */ = {isa = PBXBuildFile; fileRef = D3172E832BC0C0860006B9C2 /* WatchUIApp.swift */; };
		D3172E862BC0C0860006B9C2 /* ContentView.swift in Sources */ = {isa = PBXBuildFile; fileRef = D3172E852BC0C0860006B9C2 /* ContentView.swift */; };
		D3172E882BC0C0880006B9C2 /* Assets.xcassets in Resources */ = {isa = PBXBuildFile; fileRef = D3172E872BC0C0880006B9C2 /* Assets.xcassets */; };
		D3172E8B2BC0C0880006B9C2 /* Preview Assets.xcassets in Resources */ = {isa = PBXBuildFile; fileRef = D3172E8A2BC0C0880006B9C2 /* Preview Assets.xcassets */; };
		D3172E952BC0C0880006B9C2 /* WatchUITests.swift in Sources */ = {isa = PBXBuildFile; fileRef = D3172E942BC0C0880006B9C2 /* WatchUITests.swift */; };
		D3172E9F2BC0C0880006B9C2 /* WatchUIUITests.swift in Sources */ = {isa = PBXBuildFile; fileRef = D3172E9E2BC0C0880006B9C2 /* WatchUIUITests.swift */; };
		D3172EA12BC0C0880006B9C2 /* WatchUIUITestsLaunchTests.swift in Sources */ = {isa = PBXBuildFile; fileRef = D3172EA02BC0C0880006B9C2 /* WatchUIUITestsLaunchTests.swift */; };
/* End PBXBuildFile section */

/* Begin PBXContainerItemProxy section */
		D3172E912BC0C0880006B9C2 /* PBXContainerItemProxy */ = {
			isa = PBXContainerItemProxy;
			containerPortal = D3172E782BC0C0860006B9C2 /* Project object */;
			proxyType = 1;
			remoteGlobalIDString = D3172E7F2BC0C0860006B9C2;
			remoteInfo = WatchUI;
		};
		D3172E9B2BC0C0880006B9C2 /* PBXContainerItemProxy */ = {
			isa = PBXContainerItemProxy;
			containerPortal = D3172E782BC0C0860006B9C2 /* Project object */;
			proxyType = 1;
			remoteGlobalIDString = D3172E7F2BC0C0860006B9C2;
			remoteInfo = WatchUI;
		};
/* End PBXContainerItemProxy section */

/* Begin PBXFileReference section */
		D3172E802BC0C0860006B9C2 /* WatchUI.app */ = {isa = PBXFileReference; explicitFileType = wrapper.application; includeInIndex = 0; path = WatchUI.app; sourceTree = BUILT_PRODUCTS_DIR; };
		D3172E832BC0C0860006B9C2 /* WatchUIApp.swift */ = {isa = PBXFileReference; lastKnownFileType = sourcecode.swift; path = WatchUIApp.swift; sourceTree = "<group>"; };
		D3172E852BC0C0860006B9C2 /* ContentView.swift */ = {isa = PBXFileReference; lastKnownFileType = sourcecode.swift; path = ContentView.swift; sourceTree = "<group>"; };
		D3172E872BC0C0880006B9C2 /* Assets.xcassets */ = {isa = PBXFileReference; lastKnownFileType = folder.assetcatalog; path = Assets.xcassets; sourceTree = "<group>"; };
		D3172E8A2BC0C0880006B9C2 /* Preview Assets.xcassets */ = {isa = PBXFileReference; lastKnownFileType = folder.assetcatalog; path = "Preview Assets.xcassets"; sourceTree = "<group>"; };
		D3172E902BC0C0880006B9C2 /* WatchUITests.xctest */ = {isa = PBXFileReference; explicitFileType = wrapper.cfbundle; includeInIndex = 0; path = WatchUITests.xctest; sourceTree = BUILT_PRODUCTS_DIR; };
		D3172E942BC0C0880006B9C2 /* WatchUITests.swift */ = {isa = PBXFileReference; lastKnownFileType = sourcecode.swift; path = WatchUITests.swift; sourceTree = "<group>"; };
		D3172E9A2BC0C0880006B9C2 /* WatchUIUITests.xctest */ = {isa = PBXFileReference; explicitFileType = wrapper.cfbundle; includeInIndex = 0; path = WatchUIUITests.xctest; sourceTree = BUILT_PRODUCTS_DIR; };
		D3172E9E2BC0C0880006B9C2 /* WatchUIUITests.swift */ = {isa = PBXFileReference; lastKnownFileType = sourcecode.swift; path = WatchUIUITests.swift; sourceTree = "<group>"; };
		D3172EA02BC0C0880006B9C2 /* WatchUIUITestsLaunchTests.swift */ = {isa = PBXFileReference; lastKnownFileType = sourcecode.swift; path = WatchUIUITestsLaunchTests.swift; sourceTree = "<group>"; };
/* End PBXFileReference section */

/* Begin PBXFrameworksBuildPhase section */
		D3172E7D2BC0C0860006B9C2 /* Frameworks */ = {
			isa = PBXFrameworksBuildPhase;
			buildActionMask = 2147483647;
			files = (
			);
			runOnlyForDeploymentPostprocessing = 0;
		};
		D3172E8D2BC0C0880006B9C2 /* Frameworks */ = {
			isa = PBXFrameworksBuildPhase;
			buildActionMask = 2147483647;
			files = (
			);
			runOnlyForDeploymentPostprocessing = 0;
		};
		D3172E972BC0C0880006B9C2 /* Frameworks */ = {
			isa = PBXFrameworksBuildPhase;
			buildActionMask = 2147483647;
			files = (
			);
			runOnlyForDeploymentPostprocessing = 0;
		};
/* End PBXFrameworksBuildPhase section */

/* Begin PBXGroup section */
		D3172E772BC0C0860006B9C2 = {
			isa = PBXGroup;
			children = (
				D3172E822BC0C0860006B9C2 /* WatchUI */,
				D3172E932BC0C0880006B9C2 /* WatchUITests */,
				D3172E9D2BC0C0880006B9C2 /* WatchUIUITests */,
				D3172E812BC0C0860006B9C2 /* Products */,
			);
			sourceTree = "<group>";
		};
		D3172E812BC0C0860006B9C2 /* Products */ = {
			isa = PBXGroup;
			children = (
				D3172E802BC0C0860006B9C2 /* WatchUI.app */,
				D3172E902BC0C0880006B9C2 /* WatchUITests.xctest */,
				D3172E9A2BC0C0880006B9C2 /* WatchUIUITests.xctest */,
			);
			name = Products;
			sourceTree = "<group>";
		};
		D3172E822BC0C0860006B9C2 /* WatchUI */ = {
			isa = PBXGroup;
			children = (
				D3172E832BC0C0860006B9C2 /* WatchUIApp.swift */,
				D3172E852BC0C0860006B9C2 /* ContentView.swift */,
				D3172E872BC0C0880006B9C2 /* Assets.xcassets */,
				D3172E892BC0C0880006B9C2 /* Preview Content */,
			);
			path = WatchUI;
			sourceTree = "<group>";
		};
		D3172E892BC0C0880006B9C2 /* Preview Content */ = {
			isa = PBXGroup;
			children = (
				D3172E8A2BC0C0880006B9C2 /* Preview Assets.xcassets */,
			);
			path = "Preview Content";
			sourceTree = "<group>";
		};
		D3172E932BC0C0880006B9C2 /* WatchUITests */ = {
			isa = PBXGroup;
			children = (
				D3172E942BC0C0880006B9C2 /* WatchUITests.swift */,
			);
			path = WatchUITests;
			sourceTree = "<group>";
		};
		D3172E9D2BC0C0880006B9C2 /* WatchUIUITests */ = {
			isa = PBXGroup;
			children = (
				D3172E9E2BC0C0880006B9C2 /* WatchUIUITests.swift */,
				D3172EA02BC0C0880006B9C2 /* WatchUIUITestsLaunchTests.swift */,
			);
			path = WatchUIUITests;
			sourceTree = "<group>";
		};
/* End PBXGroup section */

/* Begin PBXNativeTarget section */
		D3172E7F2BC0C0860006B9C2 /* WatchUI */ = {
			isa = PBXNativeTarget;
			buildConfigurationList = D3172EA42BC0C0880006B9C2 /* Build configuration list for PBXNativeTarget "WatchUI" */;
			buildPhases = (
				D3172E7C2BC0C0860006B9C2 /* Sources */,
				D3172E7D2BC0C0860006B9C2 /* Frameworks */,
				D3172E7E2BC0C0860006B9C2 /* Resources */,
			);
			buildRules = (
			);
			dependencies = (
			);
			name = WatchUI;
			productName = WatchUI;
			productReference = D3172E802BC0C0860006B9C2 /* WatchUI.app */;
			productType = "com.apple.product-type.application";
		};
		D3172E8F2BC0C0880006B9C2 /* WatchUITests */ = {
			isa = PBXNativeTarget;
			buildConfigurationList = D3172EA72BC0C0880006B9C2 /* Build configuration list for PBXNativeTarget "WatchUITests" */;
			buildPhases = (
				D3172E8C2BC0C0880006B9C2 /* Sources */,
				D3172E8D2BC0C0880006B9C2 /* Frameworks */,
				D3172E8E2BC0C0880006B9C2 /* Resources */,
			);
			buildRules = (
			);
			dependencies = (
				D3172E922BC0C0880006B9C2 /* PBXTargetDependency */,
			);
			name = WatchUITests;
			productName = WatchUITests;
			productReference = D3172E902BC0C0880006B9C2 /* WatchUITests.xctest */;
			productType = "com.apple.product-type.bundle.unit-test";
		};
		D3172E992BC0C0880006B9C2 /* WatchUIUITests */ = {
			isa = PBXNativeTarget;
			buildConfigurationList = D3172EAA2BC0C0880006B9C2 /* Build configuration list for PBXNativeTarget "WatchUIUITests" */;
			buildPhases = (
				D3172E962BC0C0880006B9C2 /* Sources */,
				D3172E972BC0C0880006B9C2 /* Frameworks */,
				D3172E982BC0C0880006B9C2 /* Resources */,
			);
			buildRules = (
			);
			dependencies = (
				D3172E9C2BC0C0880006B9C2 /* PBXTargetDependency */,
			);
			name = WatchUIUITests;
			productName = WatchUIUITests;
			productReference = D3172E9A2BC0C0880006B9C2 /* WatchUIUITests.xctest */;
			productType = "com.apple.product-type.bundle.ui-testing";
		};
/* End PBXNativeTarget section */

/* Begin PBXProject section */
		D3172E782BC0C0860006B9C2 /* Project object */ = {
			isa = PBXProject;
			attributes = {
				BuildIndependentTargetsInParallel = 1;
				LastSwiftUpdateCheck = 1500;
				LastUpgradeCheck = 1500;
				TargetAttributes = {
					D3172E7F2BC0C0860006B9C2 = {
						CreatedOnToolsVersion = 15.0.1;
					};
					D3172E8F2BC0C0880006B9C2 = {
						CreatedOnToolsVersion = 15.0.1;
						TestTargetID = D3172E7F2BC0C0860006B9C2;
					};
					D3172E992BC0C0880006B9C2 = {
						CreatedOnToolsVersion = 15.0.1;
						TestTargetID = D3172E7F2BC0C0860006B9C2;
					};
				};
			};
			buildConfigurationList = D3172E7B2BC0C0860006B9C2 /* Build configuration list for PBXProject "WatchUI" */;
			compatibilityVersion = "Xcode 14.0";
			developmentRegion = en;
			hasScannedForEncodings = 0;
			knownRegions = (
				en,
				Base,
			);
			mainGroup = D3172E772BC0C0860006B9C2;
			productRefGroup = D3172E812BC0C0860006B9C2 /* Products */;
			projectDirPath = "";
			projectRoot = "";
			targets = (
				D3172E7F2BC0C0860006B9C2 /* WatchUI */,
				D3172E8F2BC0C0880006B9C2 /* WatchUITests */,
				D3172E992BC0C0880006B9C2 /* WatchUIUITests */,
			);
		};
/* End PBXProject section */

/* Begin PBXResourcesBuildPhase section */
		D3172E7E2BC0C0860006B9C2 /* Resources */ = {
			isa = PBXResourcesBuildPhase;
			buildActionMask = 2147483647;
			files = (
				D3172E8B2BC0C0880006B9C2 /* Preview Assets.xcassets in Resources */,
				D3172E882BC0C0880006B9C2 /* Assets.xcassets in Resources */,
			);
			runOnlyForDeploymentPostprocessing = 0;
		};
		D3172E8E2BC0C0880006B9C2 /* Resources */ = {
			isa = PBXResourcesBuildPhase;
			buildActionMask = 2147483647;
			files = (
			);
			runOnlyForDeploymentPostprocessing = 0;
		};
		D3172E982BC0C0880006B9C2 /* Resources */ = {
			isa = PBXResourcesBuildPhase;
			buildActionMask = 2147483647;
			files = (
			);
			runOnlyForDeploymentPostprocessing = 0;
		};
/* End PBXResourcesBuildPhase section */

/* Begin PBXSourcesBuildPhase section */
		D3172E7C2BC0C0860006B9C2 /* Sources */ = {
			isa = PBXSourcesBuildPhase;
			buildActionMask = 2147483647;
			files = (
				D3172E862BC0C0860006B9C2 /* ContentView.swift in Sources */,
				D3172E842BC0C0860006B9C2 /* WatchUIApp.swift in Sources */,
			);
			runOnlyForDeploymentPostprocessing = 0;
		};
		D3172E8C2BC0C0880006B9C2 /* Sources */ = {
			isa = PBXSourcesBuildPhase;
			buildActionMask = 2147483647;
			files = (
				D3172E952BC0C0880006B9C2 /* WatchUITests.swift in Sources */,
			);
			runOnlyForDeploymentPostprocessing = 0;
		};
		D3172E962BC0C0880006B9C2 /* Sources */ = {
			isa = PBXSourcesBuildPhase;
			buildActionMask = 2147483647;
			files = (
				D3172EA12BC0C0880006B9C2 /* WatchUIUITestsLaunchTests.swift in Sources */,
				D3172E9F2BC0C0880006B9C2 /* WatchUIUITests.swift in Sources */,
			);
			runOnlyForDeploymentPostprocessing = 0;
		};
/* End PBXSourcesBuildPhase section */

/* Begin PBXTargetDependency section */
		D3172E922BC0C0880006B9C2 /* PBXTargetDependency */ = {
			isa = PBXTargetDependency;
			target = D3172E7F2BC0C0860006B9C2 /* WatchUI */;
			targetProxy = D3172E912BC0C0880006B9C2 /* PBXContainerItemProxy */;
		};
		D3172E9C2BC0C0880006B9C2 /* PBXTargetDependency */ = {
			isa = PBXTargetDependency;
			target = D3172E7F2BC0C0860006B9C2 /* WatchUI */;
			targetProxy = D3172E9B2BC0C0880006B9C2 /* PBXContainerItemProxy */;
		};
/* End PBXTargetDependency section */

/* Begin XCBuildConfiguration section */
		D3172EA22BC0C0880006B9C2 /* Debug */ = {
			isa = XCBuildConfiguration;
			buildSettings = {
				ALWAYS_SEARCH_USER_PATHS = NO;
				ASSETCATALOG_COMPILER_GENERATE_SWIFT_ASSET_SYMBOL_EXTENSIONS = YES;
				CLANG_ANALYZER_NONNULL = YES;
				CLANG_ANALYZER_NUMBER_OBJECT_CONVERSION = YES_AGGRESSIVE;
				CLANG_CXX_LANGUAGE_STANDARD = "gnu++20";
				CLANG_ENABLE_MODULES = YES;
				CLANG_ENABLE_OBJC_ARC = YES;
				CLANG_ENABLE_OBJC_WEAK = YES;
				CLANG_WARN_BLOCK_CAPTURE_AUTORELEASING = YES;
				CLANG_WARN_BOOL_CONVERSION = YES;
				CLANG_WARN_COMMA = YES;
				CLANG_WARN_CONSTANT_CONVERSION = YES;
				CLANG_WARN_DEPRECATED_OBJC_IMPLEMENTATIONS = YES;
				CLANG_WARN_DIRECT_OBJC_ISA_USAGE = YES_ERROR;
				CLANG_WARN_DOCUMENTATION_COMMENTS = YES;
				CLANG_WARN_EMPTY_BODY = YES;
				CLANG_WARN_ENUM_CONVERSION = YES;
				CLANG_WARN_INFINITE_RECURSION = YES;
				CLANG_WARN_INT_CONVERSION = YES;
				CLANG_WARN_NON_LITERAL_NULL_CONVERSION = YES;
				CLANG_WARN_OBJC_IMPLICIT_RETAIN_SELF = YES;
				CLANG_WARN_OBJC_LITERAL_CONVERSION = YES;
				CLANG_WARN_OBJC_ROOT_CLASS = YES_ERROR;
				CLANG_WARN_QUOTED_INCLUDE_IN_FRAMEWORK_HEADER = YES;
				CLANG_WARN_RANGE_LOOP_ANALYSIS = YES;
				CLANG_WARN_STRICT_PROTOTYPES = YES;
				CLANG_WARN_SUSPICIOUS_MOVE = YES;
				CLANG_WARN_UNGUARDED_AVAILABILITY = YES_AGGRESSIVE;
				CLANG_WARN_UNREACHABLE_CODE = YES;
				CLANG_WARN__DUPLICATE_METHOD_MATCH = YES;
				COPY_PHASE_STRIP = NO;
				DEBUG_INFORMATION_FORMAT = dwarf;
				ENABLE_STRICT_OBJC_MSGSEND = YES;
				ENABLE_TESTABILITY = YES;
				ENABLE_USER_SCRIPT_SANDBOXING = YES;
				GCC_C_LANGUAGE_STANDARD = gnu17;
				GCC_DYNAMIC_NO_PIC = NO;
				GCC_NO_COMMON_BLOCKS = YES;
				GCC_OPTIMIZATION_LEVEL = 0;
				GCC_PREPROCESSOR_DEFINITIONS = (
					"DEBUG=1",
					"$(inherited)",
				);
				GCC_WARN_64_TO_32_BIT_CONVERSION = YES;
				GCC_WARN_ABOUT_RETURN_TYPE = YES_ERROR;
				GCC_WARN_UNDECLARED_SELECTOR = YES;
				GCC_WARN_UNINITIALIZED_AUTOS = YES_AGGRESSIVE;
				GCC_WARN_UNUSED_FUNCTION = YES;
				GCC_WARN_UNUSED_VARIABLE = YES;
				IPHONEOS_DEPLOYMENT_TARGET = 17.0;
				LOCALIZATION_PREFERS_STRING_CATALOGS = YES;
				MTL_ENABLE_DEBUG_INFO = INCLUDE_SOURCE;
				MTL_FAST_MATH = YES;
				ONLY_ACTIVE_ARCH = YES;
				SDKROOT = iphoneos;
				SWIFT_ACTIVE_COMPILATION_CONDITIONS = "DEBUG $(inherited)";
				SWIFT_OPTIMIZATION_LEVEL = "-Onone";
			};
			name = Debug;
		};
		D3172EA32BC0C0880006B9C2 /* Release */ = {
			isa = XCBuildConfiguration;
			buildSettings = {
				ALWAYS_SEARCH_USER_PATHS = NO;
				ASSETCATALOG_COMPILER_GENERATE_SWIFT_ASSET_SYMBOL_EXTENSIONS = YES;
				CLANG_ANALYZER_NONNULL = YES;
				CLANG_ANALYZER_NUMBER_OBJECT_CONVERSION = YES_AGGRESSIVE;
				CLANG_CXX_LANGUAGE_STANDARD = "gnu++20";
				CLANG_ENABLE_MODULES = YES;
				CLANG_ENABLE_OBJC_ARC = YES;
				CLANG_ENABLE_OBJC_WEAK = YES;
				CLANG_WARN_BLOCK_CAPTURE_AUTORELEASING = YES;
				CLANG_WARN_BOOL_CONVERSION = YES;
				CLANG_WARN_COMMA = YES;
				CLANG_WARN_CONSTANT_CONVERSION = YES;
				CLANG_WARN_DEPRECATED_OBJC_IMPLEMENTATIONS = YES;
				CLANG_WARN_DIRECT_OBJC_ISA_USAGE = YES_ERROR;
				CLANG_WARN_DOCUMENTATION_COMMENTS = YES;
				CLANG_WARN_EMPTY_BODY = YES;
				CLANG_WARN_ENUM_CONVERSION = YES;
				CLANG_WARN_INFINITE_RECURSION = YES;
				CLANG_WARN_INT_CONVERSION = YES;
				CLANG_WARN_NON_LITERAL_NULL_CONVERSION = YES;
				CLANG_WARN_OBJC_IMPLICIT_RETAIN_SELF = YES;
				CLANG_WARN_OBJC_LITERAL_CONVERSION = YES;
				CLANG_WARN_OBJC_ROOT_CLASS = YES_ERROR;
				CLANG_WARN_QUOTED_INCLUDE_IN_FRAMEWORK_HEADER = YES;
				CLANG_WARN_RANGE_LOOP_ANALYSIS = YES;
				CLANG_WARN_STRICT_PROTOTYPES = YES;
				CLANG_WARN_SUSPICIOUS_MOVE = YES;
				CLANG_WARN_UNGUARDED_AVAILABILITY = YES_AGGRESSIVE;
				CLANG_WARN_UNREACHABLE_CODE = YES;
				CLANG_WARN__DUPLICATE_METHOD_MATCH = YES;
				COPY_PHASE_STRIP = NO;
				DEBUG_INFORMATION_FORMAT = "dwarf-with-dsym";
				ENABLE_NS_ASSERTIONS = NO;
				ENABLE_STRICT_OBJC_MSGSEND = YES;
				ENABLE_USER_SCRIPT_SANDBOXING = YES;
				GCC_C_LANGUAGE_STANDARD = gnu17;
				GCC_NO_COMMON_BLOCKS = YES;
				GCC_WARN_64_TO_32_BIT_CONVERSION = YES;
				GCC_WARN_ABOUT_RETURN_TYPE = YES_ERROR;
				GCC_WARN_UNDECLARED_SELECTOR = YES;
				GCC_WARN_UNINITIALIZED_AUTOS = YES_AGGRESSIVE;
				GCC_WARN_UNUSED_FUNCTION = YES;
				GCC_WARN_UNUSED_VARIABLE = YES;
				IPHONEOS_DEPLOYMENT_TARGET = 17.0;
				LOCALIZATION_PREFERS_STRING_CATALOGS = YES;
				MTL_ENABLE_DEBUG_INFO = NO;
				MTL_FAST_MATH = YES;
				SDKROOT = iphoneos;
				SWIFT_COMPILATION_MODE = wholemodule;
				VALIDATE_PRODUCT = YES;
			};
			name = Release;
		};
		D3172EA52BC0C0880006B9C2 /* Debug */ = {
			isa = XCBuildConfiguration;
			buildSettings = {
				ASSETCATALOG_COMPILER_APPICON_NAME = AppIcon;
				ASSETCATALOG_COMPILER_GLOBAL_ACCENT_COLOR_NAME = AccentColor;
				CODE_SIGN_STYLE = Automatic;
				CURRENT_PROJECT_VERSION = 1;
				DEVELOPMENT_ASSET_PATHS = "\"WatchUI/Preview Content\"";
				DEVELOPMENT_TEAM = XJYGH4H24F;
				ENABLE_PREVIEWS = YES;
				GENERATE_INFOPLIST_FILE = YES;
				INFOPLIST_KEY_UIApplicationSceneManifest_Generation = YES;
				INFOPLIST_KEY_UIApplicationSupportsIndirectInputEvents = YES;
				INFOPLIST_KEY_UILaunchScreen_Generation = YES;
				INFOPLIST_KEY_UISupportedInterfaceOrientations_iPad = "UIInterfaceOrientationPortrait UIInterfaceOrientationPortraitUpsideDown UIInterfaceOrientationLandscapeLeft UIInterfaceOrientationLandscapeRight";
				INFOPLIST_KEY_UISupportedInterfaceOrientations_iPhone = "UIInterfaceOrientationPortrait UIInterfaceOrientationLandscapeLeft UIInterfaceOrientationLandscapeRight";
				LD_RUNPATH_SEARCH_PATHS = (
					"$(inherited)",
					"@executable_path/Frameworks",
				);
				MARKETING_VERSION = 1.0;
				PRODUCT_BUNDLE_IDENTIFIER = com.Kolev.WatchUI;
				PRODUCT_NAME = "$(TARGET_NAME)";
				SWIFT_EMIT_LOC_STRINGS = YES;
				SWIFT_VERSION = 5.0;
				TARGETED_DEVICE_FAMILY = "1,2";
			};
			name = Debug;
		};
		D3172EA62BC0C0880006B9C2 /* Release */ = {
			isa = XCBuildConfiguration;
			buildSettings = {
				ASSETCATALOG_COMPILER_APPICON_NAME = AppIcon;
				ASSETCATALOG_COMPILER_GLOBAL_ACCENT_COLOR_NAME = AccentColor;
				CODE_SIGN_STYLE = Automatic;
				CURRENT_PROJECT_VERSION = 1;
				DEVELOPMENT_ASSET_PATHS = "\"WatchUI/Preview Content\"";
				DEVELOPMENT_TEAM = XJYGH4H24F;
				ENABLE_PREVIEWS = YES;
				GENERATE_INFOPLIST_FILE = YES;
				INFOPLIST_KEY_UIApplicationSceneManifest_Generation = YES;
				INFOPLIST_KEY_UIApplicationSupportsIndirectInputEvents = YES;
				INFOPLIST_KEY_UILaunchScreen_Generation = YES;
				INFOPLIST_KEY_UISupportedInterfaceOrientations_iPad = "UIInterfaceOrientationPortrait UIInterfaceOrientationPortraitUpsideDown UIInterfaceOrientationLandscapeLeft UIInterfaceOrientationLandscapeRight";
				INFOPLIST_KEY_UISupportedInterfaceOrientations_iPhone = "UIInterfaceOrientationPortrait UIInterfaceOrientationLandscapeLeft UIInterfaceOrientationLandscapeRight";
				LD_RUNPATH_SEARCH_PATHS = (
					"$(inherited)",
					"@executable_path/Frameworks",
				);
				MARKETING_VERSION = 1.0;
				PRODUCT_BUNDLE_IDENTIFIER = com.Kolev.WatchUI;
				PRODUCT_NAME = "$(TARGET_NAME)";
				SWIFT_EMIT_LOC_STRINGS = YES;
				SWIFT_VERSION = 5.0;
				TARGETED_DEVICE_FAMILY = "1,2";
			};
			name = Release;
		};
		D3172EA82BC0C0880006B9C2 /* Debug */ = {
			isa = XCBuildConfiguration;
			buildSettings = {
				ALWAYS_EMBED_SWIFT_STANDARD_LIBRARIES = YES;
				BUNDLE_LOADER = "$(TEST_HOST)";
				CODE_SIGN_STYLE = Automatic;
				CURRENT_PROJECT_VERSION = 1;
				DEVELOPMENT_TEAM = XJYGH4H24F;
				GENERATE_INFOPLIST_FILE = YES;
				IPHONEOS_DEPLOYMENT_TARGET = 17.0;
				MARKETING_VERSION = 1.0;
				PRODUCT_BUNDLE_IDENTIFIER = com.Kolev.WatchUITests;
				PRODUCT_NAME = "$(TARGET_NAME)";
				SWIFT_EMIT_LOC_STRINGS = NO;
				SWIFT_VERSION = 5.0;
				TARGETED_DEVICE_FAMILY = "1,2";
				TEST_HOST = "$(BUILT_PRODUCTS_DIR)/WatchUI.app/$(BUNDLE_EXECUTABLE_FOLDER_PATH)/WatchUI";
			};
			name = Debug;
		};
		D3172EA92BC0C0880006B9C2 /* Release */ = {
			isa = XCBuildConfiguration;
			buildSettings = {
				ALWAYS_EMBED_SWIFT_STANDARD_LIBRARIES = YES;
				BUNDLE_LOADER = "$(TEST_HOST)";
				CODE_SIGN_STYLE = Automatic;
				CURRENT_PROJECT_VERSION = 1;
				DEVELOPMENT_TEAM = XJYGH4H24F;
				GENERATE_INFOPLIST_FILE = YES;
				IPHONEOS_DEPLOYMENT_TARGET = 17.0;
				MARKETING_VERSION = 1.0;
				PRODUCT_BUNDLE_IDENTIFIER = com.Kolev.WatchUITests;
				PRODUCT_NAME = "$(TARGET_NAME)";
				SWIFT_EMIT_LOC_STRINGS = NO;
				SWIFT_VERSION = 5.0;
				TARGETED_DEVICE_FAMILY = "1,2";
				TEST_HOST = "$(BUILT_PRODUCTS_DIR)/WatchUI.app/$(BUNDLE_EXECUTABLE_FOLDER_PATH)/WatchUI";
			};
			name = Release;
		};
		D3172EAB2BC0C0880006B9C2 /* Debug */ = {
			isa = XCBuildConfiguration;
			buildSettings = {
				ALWAYS_EMBED_SWIFT_STANDARD_LIBRARIES = YES;
				CODE_SIGN_STYLE = Automatic;
				CURRENT_PROJECT_VERSION = 1;
				DEVELOPMENT_TEAM = XJYGH4H24F;
				GENERATE_INFOPLIST_FILE = YES;
				MARKETING_VERSION = 1.0;
				PRODUCT_BUNDLE_IDENTIFIER = com.Kolev.WatchUIUITests;
				PRODUCT_NAME = "$(TARGET_NAME)";
				SWIFT_EMIT_LOC_STRINGS = NO;
				SWIFT_VERSION = 5.0;
				TARGETED_DEVICE_FAMILY = "1,2";
				TEST_TARGET_NAME = WatchUI;
			};
			name = Debug;
		};
		D3172EAC2BC0C0880006B9C2 /* Release */ = {
			isa = XCBuildConfiguration;
			buildSettings = {
				ALWAYS_EMBED_SWIFT_STANDARD_LIBRARIES = YES;
				CODE_SIGN_STYLE = Automatic;
				CURRENT_PROJECT_VERSION = 1;
				DEVELOPMENT_TEAM = XJYGH4H24F;
				GENERATE_INFOPLIST_FILE = YES;
				MARKETING_VERSION = 1.0;
				PRODUCT_BUNDLE_IDENTIFIER = com.Kolev.WatchUIUITests;
				PRODUCT_NAME = "$(TARGET_NAME)";
				SWIFT_EMIT_LOC_STRINGS = NO;
				SWIFT_VERSION = 5.0;
				TARGETED_DEVICE_FAMILY = "1,2";
				TEST_TARGET_NAME = WatchUI;
			};
			name = Release;
		};
/* End XCBuildConfiguration section */

/* Begin XCConfigurationList section */
		D3172E7B2BC0C0860006B9C2 /* Build configuration list for PBXProject "WatchUI" */ = {
			isa = XCConfigurationList;
			buildConfigurations = (
				D3172EA22BC0C0880006B9C2 /* Debug */,
				D3172EA32BC0C0880006B9C2 /* Release */,
			);
			defaultConfigurationIsVisible = 0;
			defaultConfigurationName = Release;
		};
		D3172EA42BC0C0880006B9C2 /* Build configuration list for PBXNativeTarget "WatchUI" */ = {
			isa = XCConfigurationList;
			buildConfigurations = (
				D3172EA52BC0C0880006B9C2 /* Debug */,
				D3172EA62BC0C0880006B9C2 /* Release */,
			);
			defaultConfigurationIsVisible = 0;
			defaultConfigurationName = Release;
		};
		D3172EA72BC0C0880006B9C2 /* Build configuration list for PBXNativeTarget "WatchUITests" */ = {
			isa = XCConfigurationList;
			buildConfigurations = (
				D3172EA82BC0C0880006B9C2 /* Debug */,
				D3172EA92BC0C0880006B9C2 /* Release */,
			);
			defaultConfigurationIsVisible = 0;
			defaultConfigurationName = Release;
		};
		D3172EAA2BC0C0880006B9C2 /* Build configuration list for PBXNativeTarget "WatchUIUITests" */ = {
			isa = XCConfigurationList;
			buildConfigurations = (
				D3172EAB2BC0C0880006B9C2 /* Debug */,
				D3172EAC2BC0C0880006B9C2 /* Release */,
			);
			defaultConfigurationIsVisible = 0;
			defaultConfigurationName = Release;
		};
/* End XCConfigurationList section */
	};
	rootObject = D3172E782BC0C0860006B9C2 /* Project object */;
}
